
Microsoft Visual Studio Solution File, Format Version 12.00
# Visual Studio Version 16
VisualStudioVersion = 16.0.30611.23
MinimumVisualStudioVersion = 15.0.26124.0
Project("{2150E333-8FDC-42A3-9474-1A3956D46DE8}") = "src", "src", "{FA1D6F51-E681-4F42-A333-997192AD14D7}"
EndProject
Project("{9A19103F-16F7-4668-BE54-9A1E7A4F7556}") = "RTL.CastAPI", "src\RTL.CastAPI\RTL.CastAPI.csproj", "{EC987A97-10DD-4CD0-B820-6A02147A7B5C}"
EndProject
Project("{FAE04EC0-301F-11D3-BF4B-00C04F79EFBC}") = "RTL.CastAPI.UnitTests", "tests\RTL.CastAPI.UnitTests\RTL.CastAPI.UnitTests.csproj", "{D4D2EC2B-FE50-467B-A1A1-1282EC6ECE2F}"
EndProject
Project("{2150E333-8FDC-42A3-9474-1A3956D46DE8}") = "tests", "tests", "{65EE7260-F5AE-4094-81B2-E2BB405ED9F4}"
EndProject
Global
	GlobalSection(SolutionConfigurationPlatforms) = preSolution
		Debug|Any CPU = Debug|Any CPU
		Debug|x64 = Debug|x64
		Debug|x86 = Debug|x86
		Release|Any CPU = Release|Any CPU
		Release|x64 = Release|x64
		Release|x86 = Release|x86
	EndGlobalSection
	GlobalSection(ProjectConfigurationPlatforms) = postSolution
		{EC987A97-10DD-4CD0-B820-6A02147A7B5C}.Debug|Any CPU.ActiveCfg = Debug|Any CPU
		{EC987A97-10DD-4CD0-B820-6A02147A7B5C}.Debug|Any CPU.Build.0 = Debug|Any CPU
		{EC987A97-10DD-4CD0-B820-6A02147A7B5C}.Debug|x64.ActiveCfg = Debug|Any CPU
		{EC987A97-10DD-4CD0-B820-6A02147A7B5C}.Debug|x64.Build.0 = Debug|Any CPU
		{EC987A97-10DD-4CD0-B820-6A02147A7B5C}.Debug|x86.ActiveCfg = Debug|Any CPU
		{EC987A97-10DD-4CD0-B820-6A02147A7B5C}.Debug|x86.Build.0 = Debug|Any CPU
		{EC987A97-10DD-4CD0-B820-6A02147A7B5C}.Release|Any CPU.ActiveCfg = Release|Any CPU
		{EC987A97-10DD-4CD0-B820-6A02147A7B5C}.Release|Any CPU.Build.0 = Release|Any CPU
		{EC987A97-10DD-4CD0-B820-6A02147A7B5C}.Release|x64.ActiveCfg = Release|Any CPU
		{EC987A97-10DD-4CD0-B820-6A02147A7B5C}.Release|x64.Build.0 = Release|Any CPU
		{EC987A97-10DD-4CD0-B820-6A02147A7B5C}.Release|x86.ActiveCfg = Release|Any CPU
		{EC987A97-10DD-4CD0-B820-6A02147A7B5C}.Release|x86.Build.0 = Release|Any CPU
		{D4D2EC2B-FE50-467B-A1A1-1282EC6ECE2F}.Debug|Any CPU.ActiveCfg = Debug|Any CPU
		{D4D2EC2B-FE50-467B-A1A1-1282EC6ECE2F}.Debug|Any CPU.Build.0 = Debug|Any CPU
		{D4D2EC2B-FE50-467B-A1A1-1282EC6ECE2F}.Debug|x64.ActiveCfg = Debug|Any CPU
		{D4D2EC2B-FE50-467B-A1A1-1282EC6ECE2F}.Debug|x64.Build.0 = Debug|Any CPU
		{D4D2EC2B-FE50-467B-A1A1-1282EC6ECE2F}.Debug|x86.ActiveCfg = Debug|Any CPU
		{D4D2EC2B-FE50-467B-A1A1-1282EC6ECE2F}.Debug|x86.Build.0 = Debug|Any CPU
		{D4D2EC2B-FE50-467B-A1A1-1282EC6ECE2F}.Release|Any CPU.ActiveCfg = Release|Any CPU
		{D4D2EC2B-FE50-467B-A1A1-1282EC6ECE2F}.Release|Any CPU.Build.0 = Release|Any CPU
		{D4D2EC2B-FE50-467B-A1A1-1282EC6ECE2F}.Release|x64.ActiveCfg = Release|Any CPU
		{D4D2EC2B-FE50-467B-A1A1-1282EC6ECE2F}.Release|x64.Build.0 = Release|Any CPU
		{D4D2EC2B-FE50-467B-A1A1-1282EC6ECE2F}.Release|x86.ActiveCfg = Release|Any CPU
		{D4D2EC2B-FE50-467B-A1A1-1282EC6ECE2F}.Release|x86.Build.0 = Release|Any CPU
	EndGlobalSection
	GlobalSection(SolutionProperties) = preSolution
		HideSolutionNode = FALSE
	EndGlobalSection
	GlobalSection(NestedProjects) = preSolution
		{EC987A97-10DD-4CD0-B820-6A02147A7B5C} = {FA1D6F51-E681-4F42-A333-997192AD14D7}
		{D4D2EC2B-FE50-467B-A1A1-1282EC6ECE2F} = {65EE7260-F5AE-4094-81B2-E2BB405ED9F4}
	EndGlobalSection
	GlobalSection(ExtensibilityGlobals) = postSolution
		SolutionGuid = {4AA2BDAA-5C68-4273-BDC2-2FC93CACE52E}
	EndGlobalSection
EndGlobal
